
Microsoft Visual Studio Solution File, Format Version 11.00
# Visual C# Express 2010
Project("{FAE04EC0-301F-11D3-BF4B-00C04F79EFBC}") = "Preenshot", "Preenshot\Preenshot.csproj", "{B05EE18A-1D82-4B19-8121-2D4FC44D7423}"
EndProject
Global
	GlobalSection(SolutionConfigurationPlatforms) = preSolution
		Debug|Any CPU = Debug|Any CPU
		Release|Any CPU = Release|Any CPU
	EndGlobalSection
	GlobalSection(ProjectConfigurationPlatforms) = postSolution
		{B05EE18A-1D82-4B19-8121-2D4FC44D7423}.Debug|Any CPU.ActiveCfg = Debug|Any CPU
		{B05EE18A-1D82-4B19-8121-2D4FC44D7423}.Debug|Any CPU.Build.0 = Debug|Any CPU
		{B05EE18A-1D82-4B19-8121-2D4FC44D7423}.Release|Any CPU.ActiveCfg = Release|Any CPU
		{B05EE18A-1D82-4B19-8121-2D4FC44D7423}.Release|Any CPU.Build.0 = Release|Any CPU
	EndGlobalSection
	GlobalSection(SolutionProperties) = preSolution
		HideSolutionNode = FALSE
	EndGlobalSection
EndGlobal
